
Microsoft Visual Studio Solution File, Format Version 12.00
# Visual Studio 2013
VisualStudioVersion = 12.0.21005.1
MinimumVisualStudioVersion = 10.0.40219.1
Project("{FAE04EC0-301F-11D3-BF4B-00C04F79EFBC}") = "system_oceny", "system_oceny\system_oceny.csproj", "{93584B73-7C2E-4DFF-9203-3D3D684CC4B3}"
EndProject
Global
	GlobalSection(SolutionConfigurationPlatforms) = preSolution
		Debug|Any CPU = Debug|Any CPU
		Release|Any CPU = Release|Any CPU
	EndGlobalSection
	GlobalSection(ProjectConfigurationPlatforms) = postSolution
		{93584B73-7C2E-4DFF-9203-3D3D684CC4B3}.Debug|Any CPU.ActiveCfg = Debug|Any CPU
		{93584B73-7C2E-4DFF-9203-3D3D684CC4B3}.Debug|Any CPU.Build.0 = Debug|Any CPU
		{93584B73-7C2E-4DFF-9203-3D3D684CC4B3}.Release|Any CPU.ActiveCfg = Release|Any CPU
		{93584B73-7C2E-4DFF-9203-3D3D684CC4B3}.Release|Any CPU.Build.0 = Release|Any CPU
	EndGlobalSection
	GlobalSection(SolutionProperties) = preSolution
		HideSolutionNode = FALSE
	EndGlobalSection
EndGlobal
